
Microsoft Visual Studio Solution File, Format Version 12.00
# Visual Studio Version 17
VisualStudioVersion = 17.9.34723.18
MinimumVisualStudioVersion = 10.0.40219.1
Project("{FAE04EC0-301F-11D3-BF4B-00C04F79EFBC}") = "COMP1551", "COMP1551\COMP1551.csproj", "{834D7EEB-271F-4B8D-87DE-71B44C9D5B07}"
EndProject
Global
	GlobalSection(SolutionConfigurationPlatforms) = preSolution
		Debug|Any CPU = Debug|Any CPU
		Release|Any CPU = Release|Any CPU
	EndGlobalSection
	GlobalSection(ProjectConfigurationPlatforms) = postSolution
		{834D7EEB-271F-4B8D-87DE-71B44C9D5B07}.Debug|Any CPU.ActiveCfg = Debug|Any CPU
		{834D7EEB-271F-4B8D-87DE-71B44C9D5B07}.Debug|Any CPU.Build.0 = Debug|Any CPU
		{834D7EEB-271F-4B8D-87DE-71B44C9D5B07}.Release|Any CPU.ActiveCfg = Release|Any CPU
		{834D7EEB-271F-4B8D-87DE-71B44C9D5B07}.Release|Any CPU.Build.0 = Release|Any CPU
	EndGlobalSection
	GlobalSection(SolutionProperties) = preSolution
		HideSolutionNode = FALSE
	EndGlobalSection
	GlobalSection(ExtensibilityGlobals) = postSolution
		SolutionGuid = {13F3CDC8-9424-47B8-AF11-8D4B04CDAD10}
	EndGlobalSection
EndGlobal
